
Microsoft Visual Studio Solution File, Format Version 12.00
# Visual Studio 15
VisualStudioVersion = 15.0.28307.1684
MinimumVisualStudioVersion = 10.0.40219.1
Project("{FAE04EC0-301F-11D3-BF4B-00C04F79EFBC}") = "FED1StudioProject", "FED1StudioProject\FED1StudioProject.csproj", "{64671512-46B4-45A3-953A-B0E94CC90F5C}"
EndProject
Global
	GlobalSection(SolutionConfigurationPlatforms) = preSolution
		Debug|Any CPU = Debug|Any CPU
		Release|Any CPU = Release|Any CPU
	EndGlobalSection
	GlobalSection(ProjectConfigurationPlatforms) = postSolution
		{64671512-46B4-45A3-953A-B0E94CC90F5C}.Debug|Any CPU.ActiveCfg = Debug|Any CPU
		{64671512-46B4-45A3-953A-B0E94CC90F5C}.Debug|Any CPU.Build.0 = Debug|Any CPU
		{64671512-46B4-45A3-953A-B0E94CC90F5C}.Release|Any CPU.ActiveCfg = Release|Any CPU
		{64671512-46B4-45A3-953A-B0E94CC90F5C}.Release|Any CPU.Build.0 = Release|Any CPU
	EndGlobalSection
	GlobalSection(SolutionProperties) = preSolution
		HideSolutionNode = FALSE
	EndGlobalSection
	GlobalSection(ExtensibilityGlobals) = postSolution
		SolutionGuid = {45570F28-84A5-45B9-88C8-0E30FA30D049}
	EndGlobalSection
EndGlobal
